# This file is automatically @generated by Poetry 2.2.1 and should not be changed by hand.

[[package]]
name = "types-psutil"
version = "7.2.1.20251231"
description = "Typing stubs for psutil"
optional = false
python-versions = ">=3.9"
groups = ["main"]
files = [
    {file = "types_psutil-7.2.1.20251231-py3-none-any.whl", hash = "sha256:40735ca2fc818aed9dcbff7acb3317a774896615e3f4a7bd356afa224b9178e3"},
    {file = "types_psutil-7.2.1.20251231.tar.gz", hash = "sha256:dbf9df530b1130e131e4211ed8cea62c08007bfa69faf2883d296bd241d30e4a"},
]

[metadata]
lock-version = "2.1"
python-versions = ">=3.12"
content-hash = "232c181ad9c848c8636273feb768b988b31e517bd37738341cbf11bc43590530"
